// !$*UTF8*$!
{
	archiveVersion = 1;
	classes = {
	};
	objectVersion = 56;
	objects = {

/* Begin PBXBuildFile section */
		AF0A62C32BCE96A8001DECE7 /* NotificationsName+Extensions.swift in Sources */ = {isa = PBXBuildFile; fileRef = AF0A62C22BCE96A8001DECE7 /* NotificationsName+Extensions.swift */; };
		AF0A62C52BCE96F5001DECE7 /* NotificationCenterManager.swift in Sources */ = {isa = PBXBuildFile; fileRef = AF0A62C42BCE96F5001DECE7 /* NotificationCenterManager.swift */; };
		AF1ABA832C075C2200018F87 /* CustomDatePicker.swift in Sources */ = {isa = PBXBuildFile; fileRef = AF1ABA822C075C2200018F87 /* CustomDatePicker.swift */; };
		AF1ABA872C075CD200018F87 /* CalendarView.swift in Sources */ = {isa = PBXBuildFile; fileRef = AF1ABA862C075CD200018F87 /* CalendarView.swift */; };
		AF1ABA8A2C07632D00018F87 /* Date+Extensions.swift in Sources */ = {isa = PBXBuildFile; fileRef = AF1ABA892C07632D00018F87 /* Date+Extensions.swift */; };
		AF1ABA8D2C08146F00018F87 /* CalendarViewModel.swift in Sources */ = {isa = PBXBuildFile; fileRef = AF1ABA8C2C08146F00018F87 /* CalendarViewModel.swift */; };
		AF4458522C0DD84E00F903C9 /* UINavigationController+Extensions.swift in Sources */ = {isa = PBXBuildFile; fileRef = AF4458512C0DD84E00F903C9 /* UINavigationController+Extensions.swift */; };
		AF6004072BC7BFAE00EBC507 /* CameraViewModel.swift in Sources */ = {isa = PBXBuildFile; fileRef = AF6004062BC7BFAE00EBC507 /* CameraViewModel.swift */; };
		AF6004092BC9059600EBC507 /* MediaFileManager.swift in Sources */ = {isa = PBXBuildFile; fileRef = AF6004082BC9059600EBC507 /* MediaFileManager.swift */; };
		AF60040B2BC9099800EBC507 /* CameraPreview.swift in Sources */ = {isa = PBXBuildFile; fileRef = AF60040A2BC9099800EBC507 /* CameraPreview.swift */; };
		AF6004112BCB9BEB00EBC507 /* PersistenceController.swift in Sources */ = {isa = PBXBuildFile; fileRef = AF6004102BCB9BEB00EBC507 /* PersistenceController.swift */; };
		AF6004172BCBA2B800EBC507 /* CoreDataManager.swift in Sources */ = {isa = PBXBuildFile; fileRef = AF6004162BCBA2B800EBC507 /* CoreDataManager.swift */; };
		AF60041A2BCBA46600EBC507 /* PostEntity+CoreDataClass.swift in Sources */ = {isa = PBXBuildFile; fileRef = AF6004182BCBA46500EBC507 /* PostEntity+CoreDataClass.swift */; };
		AF60041B2BCBA46600EBC507 /* PostEntity+CoreDataProperties.swift in Sources */ = {isa = PBXBuildFile; fileRef = AF6004192BCBA46500EBC507 /* PostEntity+CoreDataProperties.swift */; };
		AF6004232BCBB1ED00EBC507 /* PostService.swift in Sources */ = {isa = PBXBuildFile; fileRef = AF6004222BCBB1ED00EBC507 /* PostService.swift */; };
		AF6004252BCCEC3100EBC507 /* EmptyPostView.swift in Sources */ = {isa = PBXBuildFile; fileRef = AF6004242BCCEC3100EBC507 /* EmptyPostView.swift */; };
		AF6372882BFCD8AE00AF0B25 /* AudioSessionManager.swift in Sources */ = {isa = PBXBuildFile; fileRef = AF6372872BFCD8AE00AF0B25 /* AudioSessionManager.swift */; };
		AF654D932C0D7E5A00B0AE4E /* PostView.swift in Sources */ = {isa = PBXBuildFile; fileRef = AF654D922C0D7E5A00B0AE4E /* PostView.swift */; };
		AF7C21F32BC56336007E6E4B /* FeedView.swift in Sources */ = {isa = PBXBuildFile; fileRef = AF7C21F22BC56336007E6E4B /* FeedView.swift */; };
		AF7C21F52BC56CEC007E6E4B /* FeedCell.swift in Sources */ = {isa = PBXBuildFile; fileRef = AF7C21F42BC56CEC007E6E4B /* FeedCell.swift */; };
		AF7C21F72BC56DEA007E6E4B /* Post.swift in Sources */ = {isa = PBXBuildFile; fileRef = AF7C21F62BC56DEA007E6E4B /* Post.swift */; };
		AF7C21FB2BC56EBB007E6E4B /* FeedViewModel.swift in Sources */ = {isa = PBXBuildFile; fileRef = AF7C21FA2BC56EBB007E6E4B /* FeedViewModel.swift */; };
		AF7C220E2BC57B04007E6E4B /* CustomVideoPlayer.swift in Sources */ = {isa = PBXBuildFile; fileRef = AF7C220D2BC57B04007E6E4B /* CustomVideoPlayer.swift */; };
		AF7C22102BC61EAB007E6E4B /* TabBarView.swift in Sources */ = {isa = PBXBuildFile; fileRef = AF7C220F2BC61EAB007E6E4B /* TabBarView.swift */; };
		AF7C22122BC61F0C007E6E4B /* TabBarItem.swift in Sources */ = {isa = PBXBuildFile; fileRef = AF7C22112BC61F0C007E6E4B /* TabBarItem.swift */; };
		AF7C22152BC6226D007E6E4B /* SettingView.swift in Sources */ = {isa = PBXBuildFile; fileRef = AF7C22142BC6226D007E6E4B /* SettingView.swift */; };
		AF7C221B2BC77D55007E6E4B /* DummyView.swift in Sources */ = {isa = PBXBuildFile; fileRef = AF7C221A2BC77D55007E6E4B /* DummyView.swift */; };
		AF7C221D2BC77F01007E6E4B /* RecordingView.swift in Sources */ = {isa = PBXBuildFile; fileRef = AF7C221C2BC77F01007E6E4B /* RecordingView.swift */; };
		AF7C221F2BC7B059007E6E4B /* PermissionsManager.swift in Sources */ = {isa = PBXBuildFile; fileRef = AF7C221E2BC7B059007E6E4B /* PermissionsManager.swift */; };
		AF8350D62C36DAA50040DC4C /* SeekVideoPlayer.swift in Sources */ = {isa = PBXBuildFile; fileRef = AF8350D52C36DAA50040DC4C /* SeekVideoPlayer.swift */; };
		AF8350DA2C36E0120040DC4C /* TempVideoPlayer.swift in Sources */ = {isa = PBXBuildFile; fileRef = AF8350D92C36E0120040DC4C /* TempVideoPlayer.swift */; };
		AF8350DC2C3980E60040DC4C /* BottomSheetForDelete.swift in Sources */ = {isa = PBXBuildFile; fileRef = AF8350DB2C3980E60040DC4C /* BottomSheetForDelete.swift */; };
		AF9F39032BC51A6A00F4988A /* EarthApp.swift in Sources */ = {isa = PBXBuildFile; fileRef = AF9F39022BC51A6A00F4988A /* EarthApp.swift */; };
		AF9F39072BC51A6C00F4988A /* Assets.xcassets in Resources */ = {isa = PBXBuildFile; fileRef = AF9F39062BC51A6C00F4988A /* Assets.xcassets */; };
		AF9F390A2BC51A6C00F4988A /* Preview Assets.xcassets in Resources */ = {isa = PBXBuildFile; fileRef = AF9F39092BC51A6C00F4988A /* Preview Assets.xcassets */; };
		AF9F390F2BC51A6C00F4988A /* Earth.xcdatamodeld in Sources */ = {isa = PBXBuildFile; fileRef = AF9F390D2BC51A6C00F4988A /* Earth.xcdatamodeld */; };
		AF9F391D2BC51EF900F4988A /* MainTabView.swift in Sources */ = {isa = PBXBuildFile; fileRef = AF9F391C2BC51EF900F4988A /* MainTabView.swift */; };
		AFF51C452C0D6888001F3973 /* PostLabel.swift in Sources */ = {isa = PBXBuildFile; fileRef = AFF51C442C0D6888001F3973 /* PostLabel.swift */; };
/* End PBXBuildFile section */

/* Begin PBXFileReference section */
		AF0A62C22BCE96A8001DECE7 /* NotificationsName+Extensions.swift */ = {isa = PBXFileReference; lastKnownFileType = sourcecode.swift; path = "NotificationsName+Extensions.swift"; sourceTree = "<group>"; };
		AF0A62C42BCE96F5001DECE7 /* NotificationCenterManager.swift */ = {isa = PBXFileReference; lastKnownFileType = sourcecode.swift; path = NotificationCenterManager.swift; sourceTree = "<group>"; };
		AF1ABA822C075C2200018F87 /* CustomDatePicker.swift */ = {isa = PBXFileReference; lastKnownFileType = sourcecode.swift; path = CustomDatePicker.swift; sourceTree = "<group>"; };
		AF1ABA862C075CD200018F87 /* CalendarView.swift */ = {isa = PBXFileReference; lastKnownFileType = sourcecode.swift; path = CalendarView.swift; sourceTree = "<group>"; };
		AF1ABA892C07632D00018F87 /* Date+Extensions.swift */ = {isa = PBXFileReference; lastKnownFileType = sourcecode.swift; path = "Date+Extensions.swift"; sourceTree = "<group>"; };
		AF1ABA8C2C08146F00018F87 /* CalendarViewModel.swift */ = {isa = PBXFileReference; lastKnownFileType = sourcecode.swift; path = CalendarViewModel.swift; sourceTree = "<group>"; };
		AF4458512C0DD84E00F903C9 /* UINavigationController+Extensions.swift */ = {isa = PBXFileReference; lastKnownFileType = sourcecode.swift; path = "UINavigationController+Extensions.swift"; sourceTree = "<group>"; };
		AF6004062BC7BFAE00EBC507 /* CameraViewModel.swift */ = {isa = PBXFileReference; lastKnownFileType = sourcecode.swift; path = CameraViewModel.swift; sourceTree = "<group>"; };
		AF6004082BC9059600EBC507 /* MediaFileManager.swift */ = {isa = PBXFileReference; lastKnownFileType = sourcecode.swift; path = MediaFileManager.swift; sourceTree = "<group>"; };
		AF60040A2BC9099800EBC507 /* CameraPreview.swift */ = {isa = PBXFileReference; lastKnownFileType = sourcecode.swift; path = CameraPreview.swift; sourceTree = "<group>"; };
		AF6004102BCB9BEB00EBC507 /* PersistenceController.swift */ = {isa = PBXFileReference; lastKnownFileType = sourcecode.swift; path = PersistenceController.swift; sourceTree = "<group>"; };
		AF6004162BCBA2B800EBC507 /* CoreDataManager.swift */ = {isa = PBXFileReference; lastKnownFileType = sourcecode.swift; path = CoreDataManager.swift; sourceTree = "<group>"; };
		AF6004182BCBA46500EBC507 /* PostEntity+CoreDataClass.swift */ = {isa = PBXFileReference; lastKnownFileType = sourcecode.swift; path = "PostEntity+CoreDataClass.swift"; sourceTree = "<group>"; };
		AF6004192BCBA46500EBC507 /* PostEntity+CoreDataProperties.swift */ = {isa = PBXFileReference; lastKnownFileType = sourcecode.swift; path = "PostEntity+CoreDataProperties.swift"; sourceTree = "<group>"; };
		AF6004222BCBB1ED00EBC507 /* PostService.swift */ = {isa = PBXFileReference; lastKnownFileType = sourcecode.swift; path = PostService.swift; sourceTree = "<group>"; };
		AF6004242BCCEC3100EBC507 /* EmptyPostView.swift */ = {isa = PBXFileReference; lastKnownFileType = sourcecode.swift; path = EmptyPostView.swift; sourceTree = "<group>"; };
		AF6372872BFCD8AE00AF0B25 /* AudioSessionManager.swift */ = {isa = PBXFileReference; lastKnownFileType = sourcecode.swift; path = AudioSessionManager.swift; sourceTree = "<group>"; };
		AF654D922C0D7E5A00B0AE4E /* PostView.swift */ = {isa = PBXFileReference; lastKnownFileType = sourcecode.swift; path = PostView.swift; sourceTree = "<group>"; };
		AF7C21F22BC56336007E6E4B /* FeedView.swift */ = {isa = PBXFileReference; lastKnownFileType = sourcecode.swift; path = FeedView.swift; sourceTree = "<group>"; };
		AF7C21F42BC56CEC007E6E4B /* FeedCell.swift */ = {isa = PBXFileReference; lastKnownFileType = sourcecode.swift; path = FeedCell.swift; sourceTree = "<group>"; };
		AF7C21F62BC56DEA007E6E4B /* Post.swift */ = {isa = PBXFileReference; lastKnownFileType = sourcecode.swift; path = Post.swift; sourceTree = "<group>"; };
		AF7C21FA2BC56EBB007E6E4B /* FeedViewModel.swift */ = {isa = PBXFileReference; lastKnownFileType = sourcecode.swift; path = FeedViewModel.swift; sourceTree = "<group>"; };
		AF7C220D2BC57B04007E6E4B /* CustomVideoPlayer.swift */ = {isa = PBXFileReference; lastKnownFileType = sourcecode.swift; path = CustomVideoPlayer.swift; sourceTree = "<group>"; };
		AF7C220F2BC61EAB007E6E4B /* TabBarView.swift */ = {isa = PBXFileReference; lastKnownFileType = sourcecode.swift; path = TabBarView.swift; sourceTree = "<group>"; };
		AF7C22112BC61F0C007E6E4B /* TabBarItem.swift */ = {isa = PBXFileReference; lastKnownFileType = sourcecode.swift; path = TabBarItem.swift; sourceTree = "<group>"; };
		AF7C22142BC6226D007E6E4B /* SettingView.swift */ = {isa = PBXFileReference; lastKnownFileType = sourcecode.swift; path = SettingView.swift; sourceTree = "<group>"; };
		AF7C221A2BC77D55007E6E4B /* DummyView.swift */ = {isa = PBXFileReference; lastKnownFileType = sourcecode.swift; path = DummyView.swift; sourceTree = "<group>"; };
		AF7C221C2BC77F01007E6E4B /* RecordingView.swift */ = {isa = PBXFileReference; lastKnownFileType = sourcecode.swift; path = RecordingView.swift; sourceTree = "<group>"; };
		AF7C221E2BC7B059007E6E4B /* PermissionsManager.swift */ = {isa = PBXFileReference; lastKnownFileType = sourcecode.swift; path = PermissionsManager.swift; sourceTree = "<group>"; };
		AF8350D52C36DAA50040DC4C /* SeekVideoPlayer.swift */ = {isa = PBXFileReference; lastKnownFileType = sourcecode.swift; path = SeekVideoPlayer.swift; sourceTree = "<group>"; };
		AF8350D92C36E0120040DC4C /* TempVideoPlayer.swift */ = {isa = PBXFileReference; lastKnownFileType = sourcecode.swift; path = TempVideoPlayer.swift; sourceTree = "<group>"; };
		AF8350DB2C3980E60040DC4C /* BottomSheetForDelete.swift */ = {isa = PBXFileReference; lastKnownFileType = sourcecode.swift; path = BottomSheetForDelete.swift; sourceTree = "<group>"; };
		AF9F38FF2BC51A6A00F4988A /* Earth.app */ = {isa = PBXFileReference; explicitFileType = wrapper.application; includeInIndex = 0; path = Earth.app; sourceTree = BUILT_PRODUCTS_DIR; };
		AF9F39022BC51A6A00F4988A /* EarthApp.swift */ = {isa = PBXFileReference; lastKnownFileType = sourcecode.swift; path = EarthApp.swift; sourceTree = "<group>"; };
		AF9F39062BC51A6C00F4988A /* Assets.xcassets */ = {isa = PBXFileReference; lastKnownFileType = folder.assetcatalog; path = Assets.xcassets; sourceTree = "<group>"; };
		AF9F39092BC51A6C00F4988A /* Preview Assets.xcassets */ = {isa = PBXFileReference; lastKnownFileType = folder.assetcatalog; path = "Preview Assets.xcassets"; sourceTree = "<group>"; };
		AF9F390E2BC51A6C00F4988A /* Earth.xcdatamodel */ = {isa = PBXFileReference; lastKnownFileType = wrapper.xcdatamodel; path = Earth.xcdatamodel; sourceTree = "<group>"; };
		AF9F391C2BC51EF900F4988A /* MainTabView.swift */ = {isa = PBXFileReference; lastKnownFileType = sourcecode.swift; path = MainTabView.swift; sourceTree = "<group>"; };
		AFF51C442C0D6888001F3973 /* PostLabel.swift */ = {isa = PBXFileReference; lastKnownFileType = sourcecode.swift; path = PostLabel.swift; sourceTree = "<group>"; };
/* End PBXFileReference section */

/* Begin PBXFrameworksBuildPhase section */
		AF9F38FC2BC51A6A00F4988A /* Frameworks */ = {
			isa = PBXFrameworksBuildPhase;
			buildActionMask = 2147483647;
			files = (
			);
			runOnlyForDeploymentPostprocessing = 0;
		};
/* End PBXFrameworksBuildPhase section */

/* Begin PBXGroup section */
		AF1ABA852C075CAC00018F87 /* Calendar */ = {
			isa = PBXGroup;
			children = (
				AF1ABA8F2C08BF8A00018F87 /* Component */,
				AF1ABA8B2C0813B200018F87 /* ViewModel */,
				AF1ABA882C075D4A00018F87 /* View */,
			);
			path = Calendar;
			sourceTree = "<group>";
		};
		AF1ABA882C075D4A00018F87 /* View */ = {
			isa = PBXGroup;
			children = (
				AF1ABA862C075CD200018F87 /* CalendarView.swift */,
			);
			path = View;
			sourceTree = "<group>";
		};
		AF1ABA8B2C0813B200018F87 /* ViewModel */ = {
			isa = PBXGroup;
			children = (
				AF1ABA8C2C08146F00018F87 /* CalendarViewModel.swift */,
			);
			path = ViewModel;
			sourceTree = "<group>";
		};
		AF1ABA8E2C08BF7C00018F87 /* Component */ = {
			isa = PBXGroup;
			children = (
				AF7C220D2BC57B04007E6E4B /* CustomVideoPlayer.swift */,
			);
			path = Component;
			sourceTree = "<group>";
		};
		AF1ABA8F2C08BF8A00018F87 /* Component */ = {
			isa = PBXGroup;
			children = (
				AF1ABA822C075C2200018F87 /* CustomDatePicker.swift */,
				AFF51C442C0D6888001F3973 /* PostLabel.swift */,
				AF654D922C0D7E5A00B0AE4E /* PostView.swift */,
				AF8350D52C36DAA50040DC4C /* SeekVideoPlayer.swift */,
				AF8350D92C36E0120040DC4C /* TempVideoPlayer.swift */,
				AF8350DB2C3980E60040DC4C /* BottomSheetForDelete.swift */,
			);
			path = Component;
			sourceTree = "<group>";
		};
		AF6004042BC7BF5200EBC507 /* View */ = {
			isa = PBXGroup;
			children = (
				AF7C221A2BC77D55007E6E4B /* DummyView.swift */,
				AF7C221C2BC77F01007E6E4B /* RecordingView.swift */,
				AF60040A2BC9099800EBC507 /* CameraPreview.swift */,
			);
			path = View;
			sourceTree = "<group>";
		};
		AF6004052BC7BF6600EBC507 /* ViewModel */ = {
			isa = PBXGroup;
			children = (
				AF6004062BC7BFAE00EBC507 /* CameraViewModel.swift */,
			);
			path = ViewModel;
			sourceTree = "<group>";
		};
		AF6004202BCBB1CF00EBC507 /* Service */ = {
			isa = PBXGroup;
			children = (
				AF6004222BCBB1ED00EBC507 /* PostService.swift */,
			);
			path = Service;
			sourceTree = "<group>";
		};
		AF7C21F12BC56328007E6E4B /* Feed */ = {
			isa = PBXGroup;
			children = (
				AF1ABA8E2C08BF7C00018F87 /* Component */,
				AF7C21F82BC56E42007E6E4B /* View */,
				AF7C21F92BC56E4C007E6E4B /* ViewModel */,
			);
			path = Feed;
			sourceTree = "<group>";
		};
		AF7C21F82BC56E42007E6E4B /* View */ = {
			isa = PBXGroup;
			children = (
				AF7C21F22BC56336007E6E4B /* FeedView.swift */,
				AF7C21F42BC56CEC007E6E4B /* FeedCell.swift */,
				AF6004242BCCEC3100EBC507 /* EmptyPostView.swift */,
			);
			path = View;
			sourceTree = "<group>";
		};
		AF7C21F92BC56E4C007E6E4B /* ViewModel */ = {
			isa = PBXGroup;
			children = (
				AF7C21FA2BC56EBB007E6E4B /* FeedViewModel.swift */,
			);
			path = ViewModel;
			sourceTree = "<group>";
		};
		AF7C22132BC62259007E6E4B /* Setting */ = {
			isa = PBXGroup;
			children = (
				AF7C22142BC6226D007E6E4B /* SettingView.swift */,
			);
			path = Setting;
			sourceTree = "<group>";
		};
		AF7C22182BC77D32007E6E4B /* PlusPost */ = {
			isa = PBXGroup;
			children = (
				AF6004042BC7BF5200EBC507 /* View */,
				AF6004052BC7BF6600EBC507 /* ViewModel */,
			);
			path = PlusPost;
			sourceTree = "<group>";
		};
		AF9F38F62BC51A6A00F4988A = {
			isa = PBXGroup;
			children = (
				AF9F39012BC51A6A00F4988A /* Earth */,
				AF9F39002BC51A6A00F4988A /* Products */,
			);
			sourceTree = "<group>";
		};
		AF9F39002BC51A6A00F4988A /* Products */ = {
			isa = PBXGroup;
			children = (
				AF9F38FF2BC51A6A00F4988A /* Earth.app */,
			);
			name = Products;
			sourceTree = "<group>";
		};
		AF9F39012BC51A6A00F4988A /* Earth */ = {
			isa = PBXGroup;
			children = (
				AF9F39152BC51E0C00F4988A /* App */,
				AF6004202BCBB1CF00EBC507 /* Service */,
				AF9F391B2BC51ECE00F4988A /* Manager */,
				AF9F39182BC51E5F00F4988A /* Core */,
				AF9F39192BC51E6800F4988A /* Extension */,
				AF9F39162BC51E1F00F4988A /* Model */,
				AF9F390D2BC51A6C00F4988A /* Earth.xcdatamodeld */,
				AF9F39062BC51A6C00F4988A /* Assets.xcassets */,
				AF9F39082BC51A6C00F4988A /* Preview Content */,
			);
			path = Earth;
			sourceTree = "<group>";
		};
		AF9F39082BC51A6C00F4988A /* Preview Content */ = {
			isa = PBXGroup;
			children = (
				AF9F39092BC51A6C00F4988A /* Preview Assets.xcassets */,
			);
			path = "Preview Content";
			sourceTree = "<group>";
		};
		AF9F39152BC51E0C00F4988A /* App */ = {
			isa = PBXGroup;
			children = (
				AF9F39022BC51A6A00F4988A /* EarthApp.swift */,
			);
			path = App;
			sourceTree = "<group>";
		};
		AF9F39162BC51E1F00F4988A /* Model */ = {
			isa = PBXGroup;
			children = (
				AF9F39172BC51E4300F4988A /* CoreData */,
				AF7C21F62BC56DEA007E6E4B /* Post.swift */,
			);
			path = Model;
			sourceTree = "<group>";
		};
		AF9F39172BC51E4300F4988A /* CoreData */ = {
			isa = PBXGroup;
			children = (
				AF6004102BCB9BEB00EBC507 /* PersistenceController.swift */,
				AF6004162BCBA2B800EBC507 /* CoreDataManager.swift */,
				AF6004182BCBA46500EBC507 /* PostEntity+CoreDataClass.swift */,
				AF6004192BCBA46500EBC507 /* PostEntity+CoreDataProperties.swift */,
			);
			path = CoreData;
			sourceTree = "<group>";
		};
		AF9F39182BC51E5F00F4988A /* Core */ = {
			isa = PBXGroup;
			children = (
				AF1ABA852C075CAC00018F87 /* Calendar */,
				AF7C22182BC77D32007E6E4B /* PlusPost */,
				AF7C22132BC62259007E6E4B /* Setting */,
				AF7C21F12BC56328007E6E4B /* Feed */,
				AF9F391E2BC5243800F4988A /* TabBar */,
			);
			path = Core;
			sourceTree = "<group>";
		};
		AF9F39192BC51E6800F4988A /* Extension */ = {
			isa = PBXGroup;
			children = (
				AF0A62C22BCE96A8001DECE7 /* NotificationsName+Extensions.swift */,
				AF1ABA892C07632D00018F87 /* Date+Extensions.swift */,
				AF4458512C0DD84E00F903C9 /* UINavigationController+Extensions.swift */,
			);
			path = Extension;
			sourceTree = "<group>";
		};
		AF9F391B2BC51ECE00F4988A /* Manager */ = {
			isa = PBXGroup;
			children = (
				AF7C221E2BC7B059007E6E4B /* PermissionsManager.swift */,
				AF6004082BC9059600EBC507 /* MediaFileManager.swift */,
				AF0A62C42BCE96F5001DECE7 /* NotificationCenterManager.swift */,
				AF6372872BFCD8AE00AF0B25 /* AudioSessionManager.swift */,
			);
			path = Manager;
			sourceTree = "<group>";
		};
		AF9F391E2BC5243800F4988A /* TabBar */ = {
			isa = PBXGroup;
			children = (
				AF9F391C2BC51EF900F4988A /* MainTabView.swift */,
				AF7C220F2BC61EAB007E6E4B /* TabBarView.swift */,
				AF7C22112BC61F0C007E6E4B /* TabBarItem.swift */,
			);
			path = TabBar;
			sourceTree = "<group>";
		};
/* End PBXGroup section */

/* Begin PBXNativeTarget section */
		AF9F38FE2BC51A6A00F4988A /* Earth */ = {
			isa = PBXNativeTarget;
			buildConfigurationList = AF9F39122BC51A6C00F4988A /* Build configuration list for PBXNativeTarget "Earth" */;
			buildPhases = (
				AF9F38FB2BC51A6A00F4988A /* Sources */,
				AF9F38FC2BC51A6A00F4988A /* Frameworks */,
				AF9F38FD2BC51A6A00F4988A /* Resources */,
			);
			buildRules = (
			);
			dependencies = (
			);
			name = Earth;
			productName = Earth;
			productReference = AF9F38FF2BC51A6A00F4988A /* Earth.app */;
			productType = "com.apple.product-type.application";
		};
/* End PBXNativeTarget section */

/* Begin PBXProject section */
		AF9F38F72BC51A6A00F4988A /* Project object */ = {
			isa = PBXProject;
			attributes = {
				BuildIndependentTargetsInParallel = 1;
				LastSwiftUpdateCheck = 1530;
				LastUpgradeCheck = 1530;
				TargetAttributes = {
					AF9F38FE2BC51A6A00F4988A = {
						CreatedOnToolsVersion = 15.3;
					};
				};
			};
			buildConfigurationList = AF9F38FA2BC51A6A00F4988A /* Build configuration list for PBXProject "Earth" */;
			compatibilityVersion = "Xcode 14.0";
			developmentRegion = en;
			hasScannedForEncodings = 0;
			knownRegions = (
				en,
				Base,
			);
			mainGroup = AF9F38F62BC51A6A00F4988A;
			productRefGroup = AF9F39002BC51A6A00F4988A /* Products */;
			projectDirPath = "";
			projectRoot = "";
			targets = (
				AF9F38FE2BC51A6A00F4988A /* Earth */,
			);
		};
/* End PBXProject section */

/* Begin PBXResourcesBuildPhase section */
		AF9F38FD2BC51A6A00F4988A /* Resources */ = {
			isa = PBXResourcesBuildPhase;
			buildActionMask = 2147483647;
			files = (
				AF9F390A2BC51A6C00F4988A /* Preview Assets.xcassets in Resources */,
				AF9F39072BC51A6C00F4988A /* Assets.xcassets in Resources */,
			);
			runOnlyForDeploymentPostprocessing = 0;
		};
/* End PBXResourcesBuildPhase section */

/* Begin PBXSourcesBuildPhase section */
		AF9F38FB2BC51A6A00F4988A /* Sources */ = {
			isa = PBXSourcesBuildPhase;
			buildActionMask = 2147483647;
			files = (
				AF7C21F52BC56CEC007E6E4B /* FeedCell.swift in Sources */,
				AF0A62C52BCE96F5001DECE7 /* NotificationCenterManager.swift in Sources */,
				AF7C22102BC61EAB007E6E4B /* TabBarView.swift in Sources */,
				AF60040B2BC9099800EBC507 /* CameraPreview.swift in Sources */,
				AF6004072BC7BFAE00EBC507 /* CameraViewModel.swift in Sources */,
				AF1ABA832C075C2200018F87 /* CustomDatePicker.swift in Sources */,
				AF60041A2BCBA46600EBC507 /* PostEntity+CoreDataClass.swift in Sources */,
				AF60041B2BCBA46600EBC507 /* PostEntity+CoreDataProperties.swift in Sources */,
				AF7C21F72BC56DEA007E6E4B /* Post.swift in Sources */,
				AFF51C452C0D6888001F3973 /* PostLabel.swift in Sources */,
				AF654D932C0D7E5A00B0AE4E /* PostView.swift in Sources */,
				AF7C221D2BC77F01007E6E4B /* RecordingView.swift in Sources */,
				AF6004232BCBB1ED00EBC507 /* PostService.swift in Sources */,
				AF8350D62C36DAA50040DC4C /* SeekVideoPlayer.swift in Sources */,
				AF9F390F2BC51A6C00F4988A /* Earth.xcdatamodeld in Sources */,
				AF6004092BC9059600EBC507 /* MediaFileManager.swift in Sources */,
				AF6004172BCBA2B800EBC507 /* CoreDataManager.swift in Sources */,
				AF6372882BFCD8AE00AF0B25 /* AudioSessionManager.swift in Sources */,
				AF7C22122BC61F0C007E6E4B /* TabBarItem.swift in Sources */,
				AF7C221B2BC77D55007E6E4B /* DummyView.swift in Sources */,
				AF6004252BCCEC3100EBC507 /* EmptyPostView.swift in Sources */,
				AF8350DC2C3980E60040DC4C /* BottomSheetForDelete.swift in Sources */,
				AF9F39032BC51A6A00F4988A /* EarthApp.swift in Sources */,
				AF7C22152BC6226D007E6E4B /* SettingView.swift in Sources */,
				AF4458522C0DD84E00F903C9 /* UINavigationController+Extensions.swift in Sources */,
				AF0A62C32BCE96A8001DECE7 /* NotificationsName+Extensions.swift in Sources */,
				AF7C21F32BC56336007E6E4B /* FeedView.swift in Sources */,
				AF8350DA2C36E0120040DC4C /* TempVideoPlayer.swift in Sources */,
				AF1ABA872C075CD200018F87 /* CalendarView.swift in Sources */,
				AF6004112BCB9BEB00EBC507 /* PersistenceController.swift in Sources */,
				AF1ABA8D2C08146F00018F87 /* CalendarViewModel.swift in Sources */,
				AF1ABA8A2C07632D00018F87 /* Date+Extensions.swift in Sources */,
				AF9F391D2BC51EF900F4988A /* MainTabView.swift in Sources */,
				AF7C21FB2BC56EBB007E6E4B /* FeedViewModel.swift in Sources */,
				AF7C221F2BC7B059007E6E4B /* PermissionsManager.swift in Sources */,
				AF7C220E2BC57B04007E6E4B /* CustomVideoPlayer.swift in Sources */,
			);
			runOnlyForDeploymentPostprocessing = 0;
		};
/* End PBXSourcesBuildPhase section */

/* Begin XCBuildConfiguration section */
		AF9F39102BC51A6C00F4988A /* Debug */ = {
			isa = XCBuildConfiguration;
			buildSettings = {
				ALWAYS_SEARCH_USER_PATHS = NO;
				ASSETCATALOG_COMPILER_GENERATE_SWIFT_ASSET_SYMBOL_EXTENSIONS = YES;
				CLANG_ANALYZER_NONNULL = YES;
				CLANG_ANALYZER_NUMBER_OBJECT_CONVERSION = YES_AGGRESSIVE;
				CLANG_CXX_LANGUAGE_STANDARD = "gnu++20";
				CLANG_ENABLE_MODULES = YES;
				CLANG_ENABLE_OBJC_ARC = YES;
				CLANG_ENABLE_OBJC_WEAK = YES;
				CLANG_WARN_BLOCK_CAPTURE_AUTORELEASING = YES;
				CLANG_WARN_BOOL_CONVERSION = YES;
				CLANG_WARN_COMMA = YES;
				CLANG_WARN_CONSTANT_CONVERSION = YES;
				CLANG_WARN_DEPRECATED_OBJC_IMPLEMENTATIONS = YES;
				CLANG_WARN_DIRECT_OBJC_ISA_USAGE = YES_ERROR;
				CLANG_WARN_DOCUMENTATION_COMMENTS = YES;
				CLANG_WARN_EMPTY_BODY = YES;
				CLANG_WARN_ENUM_CONVERSION = YES;
				CLANG_WARN_INFINITE_RECURSION = YES;
				CLANG_WARN_INT_CONVERSION = YES;
				CLANG_WARN_NON_LITERAL_NULL_CONVERSION = YES;
				CLANG_WARN_OBJC_IMPLICIT_RETAIN_SELF = YES;
				CLANG_WARN_OBJC_LITERAL_CONVERSION = YES;
				CLANG_WARN_OBJC_ROOT_CLASS = YES_ERROR;
				CLANG_WARN_QUOTED_INCLUDE_IN_FRAMEWORK_HEADER = YES;
				CLANG_WARN_RANGE_LOOP_ANALYSIS = YES;
				CLANG_WARN_STRICT_PROTOTYPES = YES;
				CLANG_WARN_SUSPICIOUS_MOVE = YES;
				CLANG_WARN_UNGUARDED_AVAILABILITY = YES_AGGRESSIVE;
				CLANG_WARN_UNREACHABLE_CODE = YES;
				CLANG_WARN__DUPLICATE_METHOD_MATCH = YES;
				COPY_PHASE_STRIP = NO;
				DEBUG_INFORMATION_FORMAT = dwarf;
				ENABLE_STRICT_OBJC_MSGSEND = YES;
				ENABLE_TESTABILITY = YES;
				ENABLE_USER_SCRIPT_SANDBOXING = YES;
				GCC_C_LANGUAGE_STANDARD = gnu17;
				GCC_DYNAMIC_NO_PIC = NO;
				GCC_NO_COMMON_BLOCKS = YES;
				GCC_OPTIMIZATION_LEVEL = 0;
				GCC_PREPROCESSOR_DEFINITIONS = (
					"DEBUG=1",
					"$(inherited)",
				);
				GCC_WARN_64_TO_32_BIT_CONVERSION = YES;
				GCC_WARN_ABOUT_RETURN_TYPE = YES_ERROR;
				GCC_WARN_UNDECLARED_SELECTOR = YES;
				GCC_WARN_UNINITIALIZED_AUTOS = YES_AGGRESSIVE;
				GCC_WARN_UNUSED_FUNCTION = YES;
				GCC_WARN_UNUSED_VARIABLE = YES;
				IPHONEOS_DEPLOYMENT_TARGET = 17.4;
				LOCALIZATION_PREFERS_STRING_CATALOGS = YES;
				MTL_ENABLE_DEBUG_INFO = INCLUDE_SOURCE;
				MTL_FAST_MATH = YES;
				ONLY_ACTIVE_ARCH = YES;
				SDKROOT = iphoneos;
				SWIFT_ACTIVE_COMPILATION_CONDITIONS = "DEBUG $(inherited)";
				SWIFT_OPTIMIZATION_LEVEL = "-Onone";
			};
			name = Debug;
		};
		AF9F39112BC51A6C00F4988A /* Release */ = {
			isa = XCBuildConfiguration;
			buildSettings = {
				ALWAYS_SEARCH_USER_PATHS = NO;
				ASSETCATALOG_COMPILER_GENERATE_SWIFT_ASSET_SYMBOL_EXTENSIONS = YES;
				CLANG_ANALYZER_NONNULL = YES;
				CLANG_ANALYZER_NUMBER_OBJECT_CONVERSION = YES_AGGRESSIVE;
				CLANG_CXX_LANGUAGE_STANDARD = "gnu++20";
				CLANG_ENABLE_MODULES = YES;
				CLANG_ENABLE_OBJC_ARC = YES;
				CLANG_ENABLE_OBJC_WEAK = YES;
				CLANG_WARN_BLOCK_CAPTURE_AUTORELEASING = YES;
				CLANG_WARN_BOOL_CONVERSION = YES;
				CLANG_WARN_COMMA = YES;
				CLANG_WARN_CONSTANT_CONVERSION = YES;
				CLANG_WARN_DEPRECATED_OBJC_IMPLEMENTATIONS = YES;
				CLANG_WARN_DIRECT_OBJC_ISA_USAGE = YES_ERROR;
				CLANG_WARN_DOCUMENTATION_COMMENTS = YES;
				CLANG_WARN_EMPTY_BODY = YES;
				CLANG_WARN_ENUM_CONVERSION = YES;
				CLANG_WARN_INFINITE_RECURSION = YES;
				CLANG_WARN_INT_CONVERSION = YES;
				CLANG_WARN_NON_LITERAL_NULL_CONVERSION = YES;
				CLANG_WARN_OBJC_IMPLICIT_RETAIN_SELF = YES;
				CLANG_WARN_OBJC_LITERAL_CONVERSION = YES;
				CLANG_WARN_OBJC_ROOT_CLASS = YES_ERROR;
				CLANG_WARN_QUOTED_INCLUDE_IN_FRAMEWORK_HEADER = YES;
				CLANG_WARN_RANGE_LOOP_ANALYSIS = YES;
				CLANG_WARN_STRICT_PROTOTYPES = YES;
				CLANG_WARN_SUSPICIOUS_MOVE = YES;
				CLANG_WARN_UNGUARDED_AVAILABILITY = YES_AGGRESSIVE;
				CLANG_WARN_UNREACHABLE_CODE = YES;
				CLANG_WARN__DUPLICATE_METHOD_MATCH = YES;
				COPY_PHASE_STRIP = NO;
				DEBUG_INFORMATION_FORMAT = "dwarf-with-dsym";
				ENABLE_NS_ASSERTIONS = NO;
				ENABLE_STRICT_OBJC_MSGSEND = YES;
				ENABLE_USER_SCRIPT_SANDBOXING = YES;
				GCC_C_LANGUAGE_STANDARD = gnu17;
				GCC_NO_COMMON_BLOCKS = YES;
				GCC_WARN_64_TO_32_BIT_CONVERSION = YES;
				GCC_WARN_ABOUT_RETURN_TYPE = YES_ERROR;
				GCC_WARN_UNDECLARED_SELECTOR = YES;
				GCC_WARN_UNINITIALIZED_AUTOS = YES_AGGRESSIVE;
				GCC_WARN_UNUSED_FUNCTION = YES;
				GCC_WARN_UNUSED_VARIABLE = YES;
				IPHONEOS_DEPLOYMENT_TARGET = 17.4;
				LOCALIZATION_PREFERS_STRING_CATALOGS = YES;
				MTL_ENABLE_DEBUG_INFO = NO;
				MTL_FAST_MATH = YES;
				SDKROOT = iphoneos;
				SWIFT_COMPILATION_MODE = wholemodule;
				VALIDATE_PRODUCT = YES;
			};
			name = Release;
		};
		AF9F39132BC51A6C00F4988A /* Debug */ = {
			isa = XCBuildConfiguration;
			buildSettings = {
				ASSETCATALOG_COMPILER_APPICON_NAME = AppIcon;
				ASSETCATALOG_COMPILER_GLOBAL_ACCENT_COLOR_NAME = AccentColor;
				CODE_SIGN_STYLE = Automatic;
				CURRENT_PROJECT_VERSION = 1;
				DEVELOPMENT_ASSET_PATHS = "\"Earth/Preview Content\"";
				DEVELOPMENT_TEAM = ZWTS2P7AH7;
				ENABLE_PREVIEWS = YES;
				GENERATE_INFOPLIST_FILE = YES;
				INFOPLIST_KEY_LSApplicationCategoryType = "";
				INFOPLIST_KEY_NSCameraUsageDescription = "Camera permissions for taking videos";
				INFOPLIST_KEY_NSMicrophoneUsageDescription = "Microphone permissions for taking videos";
				INFOPLIST_KEY_UIApplicationSceneManifest_Generation = YES;
				INFOPLIST_KEY_UIApplicationSupportsIndirectInputEvents = YES;
				INFOPLIST_KEY_UILaunchScreen_Generation = YES;
				INFOPLIST_KEY_UIStatusBarStyle = UIStatusBarStyleLightContent;
				INFOPLIST_KEY_UISupportedInterfaceOrientations = UIInterfaceOrientationPortrait;
				INFOPLIST_KEY_UISupportedInterfaceOrientations_iPad = "UIInterfaceOrientationLandscapeLeft UIInterfaceOrientationLandscapeRight UIInterfaceOrientationPortrait UIInterfaceOrientationPortraitUpsideDown";
				INFOPLIST_KEY_UIUserInterfaceStyle = Light;
				IPHONEOS_DEPLOYMENT_TARGET = 15.0;
				LD_RUNPATH_SEARCH_PATHS = (
					"$(inherited)",
					"@executable_path/Frameworks",
				);
				MARKETING_VERSION = 1.0;
				PRODUCT_BUNDLE_IDENTIFIER = OneMoreThink.Earth;
				PRODUCT_NAME = "$(TARGET_NAME)";
				SUPPORTED_PLATFORMS = "iphoneos iphonesimulator";
				SUPPORTS_MACCATALYST = NO;
				SUPPORTS_MAC_DESIGNED_FOR_IPHONE_IPAD = NO;
				SUPPORTS_XR_DESIGNED_FOR_IPHONE_IPAD = NO;
				SWIFT_EMIT_LOC_STRINGS = YES;
				SWIFT_VERSION = 5.0;
				TARGETED_DEVICE_FAMILY = 1;
			};
			name = Debug;
		};
		AF9F39142BC51A6C00F4988A /* Release */ = {
			isa = XCBuildConfiguration;
			buildSettings = {
				ASSETCATALOG_COMPILER_APPICON_NAME = AppIcon;
				ASSETCATALOG_COMPILER_GLOBAL_ACCENT_COLOR_NAME = AccentColor;
				CODE_SIGN_STYLE = Automatic;
				CURRENT_PROJECT_VERSION = 1;
				DEVELOPMENT_ASSET_PATHS = "\"Earth/Preview Content\"";
				DEVELOPMENT_TEAM = ZWTS2P7AH7;
				ENABLE_PREVIEWS = YES;
				GENERATE_INFOPLIST_FILE = YES;
				INFOPLIST_KEY_LSApplicationCategoryType = "";
				INFOPLIST_KEY_NSCameraUsageDescription = "Camera permissions for taking videos";
				INFOPLIST_KEY_NSMicrophoneUsageDescription = "Microphone permissions for taking videos";
				INFOPLIST_KEY_UIApplicationSceneManifest_Generation = YES;
				INFOPLIST_KEY_UIApplicationSupportsIndirectInputEvents = YES;
				INFOPLIST_KEY_UILaunchScreen_Generation = YES;
				INFOPLIST_KEY_UIStatusBarStyle = UIStatusBarStyleLightContent;
				INFOPLIST_KEY_UISupportedInterfaceOrientations = UIInterfaceOrientationPortrait;
				INFOPLIST_KEY_UISupportedInterfaceOrientations_iPad = "UIInterfaceOrientationLandscapeLeft UIInterfaceOrientationLandscapeRight UIInterfaceOrientationPortrait UIInterfaceOrientationPortraitUpsideDown";
				INFOPLIST_KEY_UIUserInterfaceStyle = Light;
				IPHONEOS_DEPLOYMENT_TARGET = 15.0;
				LD_RUNPATH_SEARCH_PATHS = (
					"$(inherited)",
					"@executable_path/Frameworks",
				);
				MARKETING_VERSION = 1.0;
				PRODUCT_BUNDLE_IDENTIFIER = OneMoreThink.Earth;
				PRODUCT_NAME = "$(TARGET_NAME)";
				SUPPORTED_PLATFORMS = "iphoneos iphonesimulator";
				SUPPORTS_MACCATALYST = NO;
				SUPPORTS_MAC_DESIGNED_FOR_IPHONE_IPAD = NO;
				SUPPORTS_XR_DESIGNED_FOR_IPHONE_IPAD = NO;
				SWIFT_EMIT_LOC_STRINGS = YES;
				SWIFT_VERSION = 5.0;
				TARGETED_DEVICE_FAMILY = 1;
			};
			name = Release;
		};
/* End XCBuildConfiguration section */

/* Begin XCConfigurationList section */
		AF9F38FA2BC51A6A00F4988A /* Build configuration list for PBXProject "Earth" */ = {
			isa = XCConfigurationList;
			buildConfigurations = (
				AF9F39102BC51A6C00F4988A /* Debug */,
				AF9F39112BC51A6C00F4988A /* Release */,
			);
			defaultConfigurationIsVisible = 0;
			defaultConfigurationName = Release;
		};
		AF9F39122BC51A6C00F4988A /* Build configuration list for PBXNativeTarget "Earth" */ = {
			isa = XCConfigurationList;
			buildConfigurations = (
				AF9F39132BC51A6C00F4988A /* Debug */,
				AF9F39142BC51A6C00F4988A /* Release */,
			);
			defaultConfigurationIsVisible = 0;
			defaultConfigurationName = Release;
		};
/* End XCConfigurationList section */

/* Begin XCVersionGroup section */
		AF9F390D2BC51A6C00F4988A /* Earth.xcdatamodeld */ = {
			isa = XCVersionGroup;
			children = (
				AF9F390E2BC51A6C00F4988A /* Earth.xcdatamodel */,
			);
			currentVersion = AF9F390E2BC51A6C00F4988A /* Earth.xcdatamodel */;
			path = Earth.xcdatamodeld;
			sourceTree = "<group>";
			versionGroupType = wrapper.xcdatamodel;
		};
/* End XCVersionGroup section */
	};
	rootObject = AF9F38F72BC51A6A00F4988A /* Project object */;
}
