// !$*UTF8*$!
{
	archiveVersion = 1;
	classes = {
	};
	objectVersion = 56;
	objects = {

/* Begin PBXBuildFile section */
		050BC22D2B0497D900A33AFF /* WelcomView.swift in Sources */ = {isa = PBXBuildFile; fileRef = 050BC22C2B0497D900A33AFF /* WelcomView.swift */; };
		050BC22F2B04994600A33AFF /* NameView.swift in Sources */ = {isa = PBXBuildFile; fileRef = 050BC22E2B04994600A33AFF /* NameView.swift */; };
		050BC2312B04996D00A33AFF /* BirthView.swift in Sources */ = {isa = PBXBuildFile; fileRef = 050BC2302B04996D00A33AFF /* BirthView.swift */; };
		050BC2332B049D1300A33AFF /* PictureView.swift in Sources */ = {isa = PBXBuildFile; fileRef = 050BC2322B049D1300A33AFF /* PictureView.swift */; };
		050BC2352B049F6100A33AFF /* Onboarding.swift in Sources */ = {isa = PBXBuildFile; fileRef = 050BC2342B049F6100A33AFF /* Onboarding.swift */; };
		056F1B772B05B8E500758766 /* QuestionForm.swift in Sources */ = {isa = PBXBuildFile; fileRef = 056F1B762B05B8E500758766 /* QuestionForm.swift */; };
		056F1B792B05F68A00758766 /* EndView.swift in Sources */ = {isa = PBXBuildFile; fileRef = 056F1B782B05F68A00758766 /* EndView.swift */; };
		056F1B7B2B06609400758766 /* ThanksView.swift in Sources */ = {isa = PBXBuildFile; fileRef = 056F1B7A2B06609400758766 /* ThanksView.swift */; };
		058324942B032DFA00E577A8 /* EarthApp.swift in Sources */ = {isa = PBXBuildFile; fileRef = 058324932B032DFA00E577A8 /* EarthApp.swift */; };
		058324982B032DFD00E577A8 /* Assets.xcassets in Resources */ = {isa = PBXBuildFile; fileRef = 058324972B032DFD00E577A8 /* Assets.xcassets */; };
		0583249B2B032DFD00E577A8 /* Preview Assets.xcassets in Resources */ = {isa = PBXBuildFile; fileRef = 0583249A2B032DFD00E577A8 /* Preview Assets.xcassets */; };
		05AC12542B03495A0042A117 /* HomeView.swift in Sources */ = {isa = PBXBuildFile; fileRef = 05AC12532B03495A0042A117 /* HomeView.swift */; };
		05AC12562B034A5C0042A117 /* WalkthroughView.swift in Sources */ = {isa = PBXBuildFile; fileRef = 05AC12552B034A5C0042A117 /* WalkthroughView.swift */; };
		05AC12582B0356AC0042A117 /* OnBoardingView.swift in Sources */ = {isa = PBXBuildFile; fileRef = 05AC12572B0356AC0042A117 /* OnBoardingView.swift */; };
		05EB827C2B0C6E8C00BC8CDE /* PermissionsManagers.swift in Sources */ = {isa = PBXBuildFile; fileRef = 05EB827B2B0C6E8C00BC8CDE /* PermissionsManagers.swift */; };
		05EB827E2B0C73AE00BC8CDE /* FileManagers.swift in Sources */ = {isa = PBXBuildFile; fileRef = 05EB827D2B0C73AE00BC8CDE /* FileManagers.swift */; };
/* End PBXBuildFile section */

/* Begin PBXFileReference section */
		050BC22C2B0497D900A33AFF /* WelcomView.swift */ = {isa = PBXFileReference; lastKnownFileType = sourcecode.swift; path = WelcomView.swift; sourceTree = "<group>"; };
		050BC22E2B04994600A33AFF /* NameView.swift */ = {isa = PBXFileReference; lastKnownFileType = sourcecode.swift; path = NameView.swift; sourceTree = "<group>"; };
		050BC2302B04996D00A33AFF /* BirthView.swift */ = {isa = PBXFileReference; lastKnownFileType = sourcecode.swift; path = BirthView.swift; sourceTree = "<group>"; };
		050BC2322B049D1300A33AFF /* PictureView.swift */ = {isa = PBXFileReference; lastKnownFileType = sourcecode.swift; path = PictureView.swift; sourceTree = "<group>"; };
		050BC2342B049F6100A33AFF /* Onboarding.swift */ = {isa = PBXFileReference; lastKnownFileType = sourcecode.swift; path = Onboarding.swift; sourceTree = "<group>"; };
		056F1B762B05B8E500758766 /* QuestionForm.swift */ = {isa = PBXFileReference; lastKnownFileType = sourcecode.swift; path = QuestionForm.swift; sourceTree = "<group>"; };
		056F1B782B05F68A00758766 /* EndView.swift */ = {isa = PBXFileReference; lastKnownFileType = sourcecode.swift; path = EndView.swift; sourceTree = "<group>"; };
		056F1B7A2B06609400758766 /* ThanksView.swift */ = {isa = PBXFileReference; lastKnownFileType = sourcecode.swift; path = ThanksView.swift; sourceTree = "<group>"; };
		058324902B032DFA00E577A8 /* Earth.app */ = {isa = PBXFileReference; explicitFileType = wrapper.application; includeInIndex = 0; path = Earth.app; sourceTree = BUILT_PRODUCTS_DIR; };
		058324932B032DFA00E577A8 /* EarthApp.swift */ = {isa = PBXFileReference; lastKnownFileType = sourcecode.swift; path = EarthApp.swift; sourceTree = "<group>"; };
		058324972B032DFD00E577A8 /* Assets.xcassets */ = {isa = PBXFileReference; lastKnownFileType = folder.assetcatalog; path = Assets.xcassets; sourceTree = "<group>"; };
		0583249A2B032DFD00E577A8 /* Preview Assets.xcassets */ = {isa = PBXFileReference; lastKnownFileType = folder.assetcatalog; path = "Preview Assets.xcassets"; sourceTree = "<group>"; };
		05AC12532B03495A0042A117 /* HomeView.swift */ = {isa = PBXFileReference; lastKnownFileType = sourcecode.swift; path = HomeView.swift; sourceTree = "<group>"; };
		05AC12552B034A5C0042A117 /* WalkthroughView.swift */ = {isa = PBXFileReference; lastKnownFileType = sourcecode.swift; path = WalkthroughView.swift; sourceTree = "<group>"; };
		05AC12572B0356AC0042A117 /* OnBoardingView.swift */ = {isa = PBXFileReference; lastKnownFileType = sourcecode.swift; path = OnBoardingView.swift; sourceTree = "<group>"; };
		05EB827B2B0C6E8C00BC8CDE /* PermissionsManagers.swift */ = {isa = PBXFileReference; lastKnownFileType = sourcecode.swift; path = PermissionsManagers.swift; sourceTree = "<group>"; };
		05EB827D2B0C73AE00BC8CDE /* FileManagers.swift */ = {isa = PBXFileReference; lastKnownFileType = sourcecode.swift; path = FileManagers.swift; sourceTree = "<group>"; };
/* End PBXFileReference section */

/* Begin PBXFrameworksBuildPhase section */
		0583248D2B032DFA00E577A8 /* Frameworks */ = {
			isa = PBXFrameworksBuildPhase;
			buildActionMask = 2147483647;
			files = (
			);
			runOnlyForDeploymentPostprocessing = 0;
		};
/* End PBXFrameworksBuildPhase section */

/* Begin PBXGroup section */
		052226B62B079EE80052BA05 /* Managers */ = {
			isa = PBXGroup;
			children = (
				05EB827B2B0C6E8C00BC8CDE /* PermissionsManagers.swift */,
				05EB827D2B0C73AE00BC8CDE /* FileManagers.swift */,
			);
			path = Managers;
			sourceTree = "<group>";
		};
		058324872B032DFA00E577A8 = {
			isa = PBXGroup;
			children = (
				058324922B032DFA00E577A8 /* Earth */,
				058324912B032DFA00E577A8 /* Products */,
			);
			sourceTree = "<group>";
		};
		058324912B032DFA00E577A8 /* Products */ = {
			isa = PBXGroup;
			children = (
				058324902B032DFA00E577A8 /* Earth.app */,
			);
			name = Products;
			sourceTree = "<group>";
		};
		058324922B032DFA00E577A8 /* Earth */ = {
			isa = PBXGroup;
			children = (
				058324932B032DFA00E577A8 /* EarthApp.swift */,
				05AC12522B0347590042A117 /* Models */,
				05AC12512B03474A0042A117 /* Views */,
				052226B62B079EE80052BA05 /* Managers */,
				058324972B032DFD00E577A8 /* Assets.xcassets */,
				058324992B032DFD00E577A8 /* Preview Content */,
			);
			path = Earth;
			sourceTree = "<group>";
		};
		058324992B032DFD00E577A8 /* Preview Content */ = {
			isa = PBXGroup;
			children = (
				0583249A2B032DFD00E577A8 /* Preview Assets.xcassets */,
			);
			path = "Preview Content";
			sourceTree = "<group>";
		};
		05AC12512B03474A0042A117 /* Views */ = {
			isa = PBXGroup;
			children = (
				05AC12532B03495A0042A117 /* HomeView.swift */,
				05EAAF192B03C449004DD93C /* Onboarding */,
			);
			path = Views;
			sourceTree = "<group>";
		};
		05AC12522B0347590042A117 /* Models */ = {
			isa = PBXGroup;
			children = (
			);
			path = Models;
			sourceTree = "<group>";
		};
		05EAAF192B03C449004DD93C /* Onboarding */ = {
			isa = PBXGroup;
			children = (
				050BC2342B049F6100A33AFF /* Onboarding.swift */,
				05AC12572B0356AC0042A117 /* OnBoardingView.swift */,
				050BC22C2B0497D900A33AFF /* WelcomView.swift */,
				050BC22E2B04994600A33AFF /* NameView.swift */,
				050BC2302B04996D00A33AFF /* BirthView.swift */,
				056F1B782B05F68A00758766 /* EndView.swift */,
				050BC2322B049D1300A33AFF /* PictureView.swift */,
				056F1B7A2B06609400758766 /* ThanksView.swift */,
				05AC12552B034A5C0042A117 /* WalkthroughView.swift */,
				056F1B762B05B8E500758766 /* QuestionForm.swift */,
			);
			path = Onboarding;
			sourceTree = "<group>";
		};
/* End PBXGroup section */

/* Begin PBXNativeTarget section */
		0583248F2B032DFA00E577A8 /* Earth */ = {
			isa = PBXNativeTarget;
			buildConfigurationList = 0583249E2B032DFD00E577A8 /* Build configuration list for PBXNativeTarget "Earth" */;
			buildPhases = (
				0583248C2B032DFA00E577A8 /* Sources */,
				0583248D2B032DFA00E577A8 /* Frameworks */,
				0583248E2B032DFA00E577A8 /* Resources */,
			);
			buildRules = (
			);
			dependencies = (
			);
			name = Earth;
			productName = Earth;
			productReference = 058324902B032DFA00E577A8 /* Earth.app */;
			productType = "com.apple.product-type.application";
		};
/* End PBXNativeTarget section */

/* Begin PBXProject section */
		058324882B032DFA00E577A8 /* Project object */ = {
			isa = PBXProject;
			attributes = {
				BuildIndependentTargetsInParallel = 1;
				LastSwiftUpdateCheck = 1500;
				LastUpgradeCheck = 1500;
				TargetAttributes = {
					0583248F2B032DFA00E577A8 = {
						CreatedOnToolsVersion = 15.0.1;
					};
				};
			};
			buildConfigurationList = 0583248B2B032DFA00E577A8 /* Build configuration list for PBXProject "Earth" */;
			compatibilityVersion = "Xcode 14.0";
			developmentRegion = en;
			hasScannedForEncodings = 0;
			knownRegions = (
				en,
				Base,
			);
			mainGroup = 058324872B032DFA00E577A8;
			productRefGroup = 058324912B032DFA00E577A8 /* Products */;
			projectDirPath = "";
			projectRoot = "";
			targets = (
				0583248F2B032DFA00E577A8 /* Earth */,
			);
		};
/* End PBXProject section */

/* Begin PBXResourcesBuildPhase section */
		0583248E2B032DFA00E577A8 /* Resources */ = {
			isa = PBXResourcesBuildPhase;
			buildActionMask = 2147483647;
			files = (
				0583249B2B032DFD00E577A8 /* Preview Assets.xcassets in Resources */,
				058324982B032DFD00E577A8 /* Assets.xcassets in Resources */,
			);
			runOnlyForDeploymentPostprocessing = 0;
		};
/* End PBXResourcesBuildPhase section */

/* Begin PBXSourcesBuildPhase section */
		0583248C2B032DFA00E577A8 /* Sources */ = {
			isa = PBXSourcesBuildPhase;
			buildActionMask = 2147483647;
			files = (
				056F1B792B05F68A00758766 /* EndView.swift in Sources */,
				050BC2352B049F6100A33AFF /* Onboarding.swift in Sources */,
				05AC12542B03495A0042A117 /* HomeView.swift in Sources */,
				05EB827E2B0C73AE00BC8CDE /* FileManagers.swift in Sources */,
				05AC12582B0356AC0042A117 /* OnBoardingView.swift in Sources */,
				05EB827C2B0C6E8C00BC8CDE /* PermissionsManagers.swift in Sources */,
				050BC2312B04996D00A33AFF /* BirthView.swift in Sources */,
				050BC2332B049D1300A33AFF /* PictureView.swift in Sources */,
				058324942B032DFA00E577A8 /* EarthApp.swift in Sources */,
				050BC22D2B0497D900A33AFF /* WelcomView.swift in Sources */,
				056F1B772B05B8E500758766 /* QuestionForm.swift in Sources */,
				05AC12562B034A5C0042A117 /* WalkthroughView.swift in Sources */,
				050BC22F2B04994600A33AFF /* NameView.swift in Sources */,
				056F1B7B2B06609400758766 /* ThanksView.swift in Sources */,
			);
			runOnlyForDeploymentPostprocessing = 0;
		};
/* End PBXSourcesBuildPhase section */

/* Begin XCBuildConfiguration section */
		0583249C2B032DFD00E577A8 /* Debug */ = {
			isa = XCBuildConfiguration;
			buildSettings = {
				ALWAYS_SEARCH_USER_PATHS = NO;
				ASSETCATALOG_COMPILER_GENERATE_SWIFT_ASSET_SYMBOL_EXTENSIONS = YES;
				CLANG_ANALYZER_NONNULL = YES;
				CLANG_ANALYZER_NUMBER_OBJECT_CONVERSION = YES_AGGRESSIVE;
				CLANG_CXX_LANGUAGE_STANDARD = "gnu++20";
				CLANG_ENABLE_MODULES = YES;
				CLANG_ENABLE_OBJC_ARC = YES;
				CLANG_ENABLE_OBJC_WEAK = YES;
				CLANG_WARN_BLOCK_CAPTURE_AUTORELEASING = YES;
				CLANG_WARN_BOOL_CONVERSION = YES;
				CLANG_WARN_COMMA = YES;
				CLANG_WARN_CONSTANT_CONVERSION = YES;
				CLANG_WARN_DEPRECATED_OBJC_IMPLEMENTATIONS = YES;
				CLANG_WARN_DIRECT_OBJC_ISA_USAGE = YES_ERROR;
				CLANG_WARN_DOCUMENTATION_COMMENTS = YES;
				CLANG_WARN_EMPTY_BODY = YES;
				CLANG_WARN_ENUM_CONVERSION = YES;
				CLANG_WARN_INFINITE_RECURSION = YES;
				CLANG_WARN_INT_CONVERSION = YES;
				CLANG_WARN_NON_LITERAL_NULL_CONVERSION = YES;
				CLANG_WARN_OBJC_IMPLICIT_RETAIN_SELF = YES;
				CLANG_WARN_OBJC_LITERAL_CONVERSION = YES;
				CLANG_WARN_OBJC_ROOT_CLASS = YES_ERROR;
				CLANG_WARN_QUOTED_INCLUDE_IN_FRAMEWORK_HEADER = YES;
				CLANG_WARN_RANGE_LOOP_ANALYSIS = YES;
				CLANG_WARN_STRICT_PROTOTYPES = YES;
				CLANG_WARN_SUSPICIOUS_MOVE = YES;
				CLANG_WARN_UNGUARDED_AVAILABILITY = YES_AGGRESSIVE;
				CLANG_WARN_UNREACHABLE_CODE = YES;
				CLANG_WARN__DUPLICATE_METHOD_MATCH = YES;
				COPY_PHASE_STRIP = NO;
				DEBUG_INFORMATION_FORMAT = dwarf;
				ENABLE_STRICT_OBJC_MSGSEND = YES;
				ENABLE_TESTABILITY = YES;
				ENABLE_USER_SCRIPT_SANDBOXING = YES;
				GCC_C_LANGUAGE_STANDARD = gnu17;
				GCC_DYNAMIC_NO_PIC = NO;
				GCC_NO_COMMON_BLOCKS = YES;
				GCC_OPTIMIZATION_LEVEL = 0;
				GCC_PREPROCESSOR_DEFINITIONS = (
					"DEBUG=1",
					"$(inherited)",
				);
				GCC_WARN_64_TO_32_BIT_CONVERSION = YES;
				GCC_WARN_ABOUT_RETURN_TYPE = YES_ERROR;
				GCC_WARN_UNDECLARED_SELECTOR = YES;
				GCC_WARN_UNINITIALIZED_AUTOS = YES_AGGRESSIVE;
				GCC_WARN_UNUSED_FUNCTION = YES;
				GCC_WARN_UNUSED_VARIABLE = YES;
				IPHONEOS_DEPLOYMENT_TARGET = 17.0;
				LOCALIZATION_PREFERS_STRING_CATALOGS = YES;
				MTL_ENABLE_DEBUG_INFO = INCLUDE_SOURCE;
				MTL_FAST_MATH = YES;
				ONLY_ACTIVE_ARCH = YES;
				SDKROOT = iphoneos;
				SWIFT_ACTIVE_COMPILATION_CONDITIONS = "DEBUG $(inherited)";
				SWIFT_OPTIMIZATION_LEVEL = "-Onone";
			};
			name = Debug;
		};
		0583249D2B032DFD00E577A8 /* Release */ = {
			isa = XCBuildConfiguration;
			buildSettings = {
				ALWAYS_SEARCH_USER_PATHS = NO;
				ASSETCATALOG_COMPILER_GENERATE_SWIFT_ASSET_SYMBOL_EXTENSIONS = YES;
				CLANG_ANALYZER_NONNULL = YES;
				CLANG_ANALYZER_NUMBER_OBJECT_CONVERSION = YES_AGGRESSIVE;
				CLANG_CXX_LANGUAGE_STANDARD = "gnu++20";
				CLANG_ENABLE_MODULES = YES;
				CLANG_ENABLE_OBJC_ARC = YES;
				CLANG_ENABLE_OBJC_WEAK = YES;
				CLANG_WARN_BLOCK_CAPTURE_AUTORELEASING = YES;
				CLANG_WARN_BOOL_CONVERSION = YES;
				CLANG_WARN_COMMA = YES;
				CLANG_WARN_CONSTANT_CONVERSION = YES;
				CLANG_WARN_DEPRECATED_OBJC_IMPLEMENTATIONS = YES;
				CLANG_WARN_DIRECT_OBJC_ISA_USAGE = YES_ERROR;
				CLANG_WARN_DOCUMENTATION_COMMENTS = YES;
				CLANG_WARN_EMPTY_BODY = YES;
				CLANG_WARN_ENUM_CONVERSION = YES;
				CLANG_WARN_INFINITE_RECURSION = YES;
				CLANG_WARN_INT_CONVERSION = YES;
				CLANG_WARN_NON_LITERAL_NULL_CONVERSION = YES;
				CLANG_WARN_OBJC_IMPLICIT_RETAIN_SELF = YES;
				CLANG_WARN_OBJC_LITERAL_CONVERSION = YES;
				CLANG_WARN_OBJC_ROOT_CLASS = YES_ERROR;
				CLANG_WARN_QUOTED_INCLUDE_IN_FRAMEWORK_HEADER = YES;
				CLANG_WARN_RANGE_LOOP_ANALYSIS = YES;
				CLANG_WARN_STRICT_PROTOTYPES = YES;
				CLANG_WARN_SUSPICIOUS_MOVE = YES;
				CLANG_WARN_UNGUARDED_AVAILABILITY = YES_AGGRESSIVE;
				CLANG_WARN_UNREACHABLE_CODE = YES;
				CLANG_WARN__DUPLICATE_METHOD_MATCH = YES;
				COPY_PHASE_STRIP = NO;
				DEBUG_INFORMATION_FORMAT = "dwarf-with-dsym";
				ENABLE_NS_ASSERTIONS = NO;
				ENABLE_STRICT_OBJC_MSGSEND = YES;
				ENABLE_USER_SCRIPT_SANDBOXING = YES;
				GCC_C_LANGUAGE_STANDARD = gnu17;
				GCC_NO_COMMON_BLOCKS = YES;
				GCC_WARN_64_TO_32_BIT_CONVERSION = YES;
				GCC_WARN_ABOUT_RETURN_TYPE = YES_ERROR;
				GCC_WARN_UNDECLARED_SELECTOR = YES;
				GCC_WARN_UNINITIALIZED_AUTOS = YES_AGGRESSIVE;
				GCC_WARN_UNUSED_FUNCTION = YES;
				GCC_WARN_UNUSED_VARIABLE = YES;
				IPHONEOS_DEPLOYMENT_TARGET = 17.0;
				LOCALIZATION_PREFERS_STRING_CATALOGS = YES;
				MTL_ENABLE_DEBUG_INFO = NO;
				MTL_FAST_MATH = YES;
				SDKROOT = iphoneos;
				SWIFT_COMPILATION_MODE = wholemodule;
				VALIDATE_PRODUCT = YES;
			};
			name = Release;
		};
		0583249F2B032DFD00E577A8 /* Debug */ = {
			isa = XCBuildConfiguration;
			buildSettings = {
				ASSETCATALOG_COMPILER_APPICON_NAME = AppIcon;
				ASSETCATALOG_COMPILER_GLOBAL_ACCENT_COLOR_NAME = AccentColor;
				CODE_SIGN_STYLE = Automatic;
				CURRENT_PROJECT_VERSION = 1;
				DEVELOPMENT_ASSET_PATHS = "\"Earth/Preview Content\"";
				ENABLE_PREVIEWS = YES;
				GENERATE_INFOPLIST_FILE = YES;
				INFOPLIST_KEY_NSCameraUsageDescription = "Camera permissions for taking photos and videos";
				INFOPLIST_KEY_NSPhotoLibraryAddUsageDescription = "Album permissions to save photos and videos";
				INFOPLIST_KEY_UIApplicationSceneManifest_Generation = YES;
				INFOPLIST_KEY_UIApplicationSupportsIndirectInputEvents = YES;
				INFOPLIST_KEY_UILaunchScreen_Generation = YES;
				INFOPLIST_KEY_UISupportedInterfaceOrientations_iPad = "UIInterfaceOrientationPortrait UIInterfaceOrientationPortraitUpsideDown UIInterfaceOrientationLandscapeLeft UIInterfaceOrientationLandscapeRight";
				INFOPLIST_KEY_UISupportedInterfaceOrientations_iPhone = "UIInterfaceOrientationPortrait UIInterfaceOrientationLandscapeLeft UIInterfaceOrientationLandscapeRight";
				IPHONEOS_DEPLOYMENT_TARGET = 15.0;
				LD_RUNPATH_SEARCH_PATHS = (
					"$(inherited)",
					"@executable_path/Frameworks",
				);
				MARKETING_VERSION = 1.0;
				PRODUCT_BUNDLE_IDENTIFIER = OneMoreThink.Earth;
				PRODUCT_NAME = "$(TARGET_NAME)";
				SUPPORTED_PLATFORMS = "iphoneos iphonesimulator";
				SUPPORTS_MACCATALYST = NO;
				SUPPORTS_MAC_DESIGNED_FOR_IPHONE_IPAD = NO;
				SWIFT_EMIT_LOC_STRINGS = YES;
				SWIFT_VERSION = 5.0;
				TARGETED_DEVICE_FAMILY = 1;
			};
			name = Debug;
		};
		058324A02B032DFD00E577A8 /* Release */ = {
			isa = XCBuildConfiguration;
			buildSettings = {
				ASSETCATALOG_COMPILER_APPICON_NAME = AppIcon;
				ASSETCATALOG_COMPILER_GLOBAL_ACCENT_COLOR_NAME = AccentColor;
				CODE_SIGN_STYLE = Automatic;
				CURRENT_PROJECT_VERSION = 1;
				DEVELOPMENT_ASSET_PATHS = "\"Earth/Preview Content\"";
				ENABLE_PREVIEWS = YES;
				GENERATE_INFOPLIST_FILE = YES;
				INFOPLIST_KEY_NSCameraUsageDescription = "Camera permissions for taking photos and videos";
				INFOPLIST_KEY_NSPhotoLibraryAddUsageDescription = "Album permissions to save photos and videos";
				INFOPLIST_KEY_UIApplicationSceneManifest_Generation = YES;
				INFOPLIST_KEY_UIApplicationSupportsIndirectInputEvents = YES;
				INFOPLIST_KEY_UILaunchScreen_Generation = YES;
				INFOPLIST_KEY_UISupportedInterfaceOrientations_iPad = "UIInterfaceOrientationPortrait UIInterfaceOrientationPortraitUpsideDown UIInterfaceOrientationLandscapeLeft UIInterfaceOrientationLandscapeRight";
				INFOPLIST_KEY_UISupportedInterfaceOrientations_iPhone = "UIInterfaceOrientationPortrait UIInterfaceOrientationLandscapeLeft UIInterfaceOrientationLandscapeRight";
				IPHONEOS_DEPLOYMENT_TARGET = 15.0;
				LD_RUNPATH_SEARCH_PATHS = (
					"$(inherited)",
					"@executable_path/Frameworks",
				);
				MARKETING_VERSION = 1.0;
				PRODUCT_BUNDLE_IDENTIFIER = OneMoreThink.Earth;
				PRODUCT_NAME = "$(TARGET_NAME)";
				SUPPORTED_PLATFORMS = "iphoneos iphonesimulator";
				SUPPORTS_MACCATALYST = NO;
				SUPPORTS_MAC_DESIGNED_FOR_IPHONE_IPAD = NO;
				SWIFT_EMIT_LOC_STRINGS = YES;
				SWIFT_VERSION = 5.0;
				TARGETED_DEVICE_FAMILY = 1;
			};
			name = Release;
		};
/* End XCBuildConfiguration section */

/* Begin XCConfigurationList section */
		0583248B2B032DFA00E577A8 /* Build configuration list for PBXProject "Earth" */ = {
			isa = XCConfigurationList;
			buildConfigurations = (
				0583249C2B032DFD00E577A8 /* Debug */,
				0583249D2B032DFD00E577A8 /* Release */,
			);
			defaultConfigurationIsVisible = 0;
			defaultConfigurationName = Release;
		};
		0583249E2B032DFD00E577A8 /* Build configuration list for PBXNativeTarget "Earth" */ = {
			isa = XCConfigurationList;
			buildConfigurations = (
				0583249F2B032DFD00E577A8 /* Debug */,
				058324A02B032DFD00E577A8 /* Release */,
			);
			defaultConfigurationIsVisible = 0;
			defaultConfigurationName = Release;
		};
/* End XCConfigurationList section */
	};
	rootObject = 058324882B032DFA00E577A8 /* Project object */;
}
